
Microsoft Visual Studio Solution File, Format Version 12.00
# Visual Studio Version 17
VisualStudioVersion = 17.14.36414.22
MinimumVisualStudioVersion = 10.0.40219.1
Project("{FAE04EC0-301F-11D3-BF4B-00C04F79EFBC}") = "Acervo.Web", "Acervo.Web\Acervo.Web.csproj", "{5A5A01DC-1E86-4B7E-B3A8-CC9DBDB91B01}"
EndProject
Project("{FAE04EC0-301F-11D3-BF4B-00C04F79EFBC}") = "Acervo.API", "Acervo.API\Acervo.API.csproj", "{E65F3082-5486-4603-B60F-ECE9D1C6DEB0}"
EndProject
Project("{FAE04EC0-301F-11D3-BF4B-00C04F79EFBC}") = "Acervo.Application", "Acervo.Application\Acervo.Application.csproj", "{2FBC081D-887B-49D8-84C8-3583C00245A5}"
EndProject
Project("{FAE04EC0-301F-11D3-BF4B-00C04F79EFBC}") = "Acervo.Domain", "Acervo.Domain\Acervo.Domain.csproj", "{4E8CCBFF-D871-4E36-AB6F-43289470D012}"
EndProject
Project("{FAE04EC0-301F-11D3-BF4B-00C04F79EFBC}") = "Acervo.Infrastructure", "Acervo.Infrastructure\Acervo.Infrastructure.csproj", "{E8BC3B88-6FC3-4A1A-86E5-D38F9A6D3776}"
EndProject
Global
	GlobalSection(SolutionConfigurationPlatforms) = preSolution
		Debug|Any CPU = Debug|Any CPU
		Release|Any CPU = Release|Any CPU
	EndGlobalSection
	GlobalSection(ProjectConfigurationPlatforms) = postSolution
		{5A5A01DC-1E86-4B7E-B3A8-CC9DBDB91B01}.Debug|Any CPU.ActiveCfg = Debug|Any CPU
		{5A5A01DC-1E86-4B7E-B3A8-CC9DBDB91B01}.Debug|Any CPU.Build.0 = Debug|Any CPU
		{5A5A01DC-1E86-4B7E-B3A8-CC9DBDB91B01}.Release|Any CPU.ActiveCfg = Release|Any CPU
		{5A5A01DC-1E86-4B7E-B3A8-CC9DBDB91B01}.Release|Any CPU.Build.0 = Release|Any CPU
		{E65F3082-5486-4603-B60F-ECE9D1C6DEB0}.Debug|Any CPU.ActiveCfg = Debug|Any CPU
		{E65F3082-5486-4603-B60F-ECE9D1C6DEB0}.Debug|Any CPU.Build.0 = Debug|Any CPU
		{E65F3082-5486-4603-B60F-ECE9D1C6DEB0}.Release|Any CPU.ActiveCfg = Release|Any CPU
		{E65F3082-5486-4603-B60F-ECE9D1C6DEB0}.Release|Any CPU.Build.0 = Release|Any CPU
		{2FBC081D-887B-49D8-84C8-3583C00245A5}.Debug|Any CPU.ActiveCfg = Debug|Any CPU
		{2FBC081D-887B-49D8-84C8-3583C00245A5}.Debug|Any CPU.Build.0 = Debug|Any CPU
		{2FBC081D-887B-49D8-84C8-3583C00245A5}.Release|Any CPU.ActiveCfg = Release|Any CPU
		{2FBC081D-887B-49D8-84C8-3583C00245A5}.Release|Any CPU.Build.0 = Release|Any CPU
		{4E8CCBFF-D871-4E36-AB6F-43289470D012}.Debug|Any CPU.ActiveCfg = Debug|Any CPU
		{4E8CCBFF-D871-4E36-AB6F-43289470D012}.Debug|Any CPU.Build.0 = Debug|Any CPU
		{4E8CCBFF-D871-4E36-AB6F-43289470D012}.Release|Any CPU.ActiveCfg = Release|Any CPU
		{4E8CCBFF-D871-4E36-AB6F-43289470D012}.Release|Any CPU.Build.0 = Release|Any CPU
		{E8BC3B88-6FC3-4A1A-86E5-D38F9A6D3776}.Debug|Any CPU.ActiveCfg = Debug|Any CPU
		{E8BC3B88-6FC3-4A1A-86E5-D38F9A6D3776}.Debug|Any CPU.Build.0 = Debug|Any CPU
		{E8BC3B88-6FC3-4A1A-86E5-D38F9A6D3776}.Release|Any CPU.ActiveCfg = Release|Any CPU
		{E8BC3B88-6FC3-4A1A-86E5-D38F9A6D3776}.Release|Any CPU.Build.0 = Release|Any CPU
	EndGlobalSection
	GlobalSection(SolutionProperties) = preSolution
		HideSolutionNode = FALSE
	EndGlobalSection
	GlobalSection(ExtensibilityGlobals) = postSolution
		SolutionGuid = {51162A2D-A7F1-40C1-9336-DEC54FA40483}
	EndGlobalSection
EndGlobal
